// !$*UTF8*$!
{
	archiveVersion = 1;
	classes = {
	};
	objectVersion = 48;
	objects = {

/* Begin PBXBuildFile section */
		42B2D6C320972A3200973470 /* CheckNames.swift in Sources */ = {isa = PBXBuildFile; fileRef = 42B2D6C220972A3200973470 /* CheckNames.swift */; };
		BF3FC8E720A47BAA00F2ADA3 /* CaneOfLazarus.swift in Sources */ = {isa = PBXBuildFile; fileRef = BF3FC8E620A47BAA00F2ADA3 /* CaneOfLazarus.swift */; };
		BF52B7802048314200F7A379 /* main.swift in Sources */ = {isa = PBXBuildFile; fileRef = BF52B77F2048314200F7A379 /* main.swift */; };
		BF52B7872048315100F7A379 /* Team.swift in Sources */ = {isa = PBXBuildFile; fileRef = BF52B7862048315100F7A379 /* Team.swift */; };
		BF52B78B2048317100F7A379 /* Hero.swift in Sources */ = {isa = PBXBuildFile; fileRef = BF52B78A2048317100F7A379 /* Hero.swift */; };
		BF52B78D204831A600F7A379 /* Warrior.swift in Sources */ = {isa = PBXBuildFile; fileRef = BF52B78C204831A600F7A379 /* Warrior.swift */; };
		BF52B78F204831B800F7A379 /* Magician.swift in Sources */ = {isa = PBXBuildFile; fileRef = BF52B78E204831B800F7A379 /* Magician.swift */; };
		BF52B791204831C900F7A379 /* Dwarft.swift in Sources */ = {isa = PBXBuildFile; fileRef = BF52B790204831C900F7A379 /* Dwarft.swift */; };
		BF52B793204831EB00F7A379 /* Colossus.swift in Sources */ = {isa = PBXBuildFile; fileRef = BF52B792204831EB00F7A379 /* Colossus.swift */; };
		BF52B795204831F600F7A379 /* Stuff.swift in Sources */ = {isa = PBXBuildFile; fileRef = BF52B794204831F600F7A379 /* Stuff.swift */; };
		BF52B79A2048419100F7A379 /* Excalibur.swift in Sources */ = {isa = PBXBuildFile; fileRef = BF52B7992048419100F7A379 /* Excalibur.swift */; };
		BF52B79C204844B700F7A379 /* ThorHammer.swift in Sources */ = {isa = PBXBuildFile; fileRef = BF52B79B204844B700F7A379 /* ThorHammer.swift */; };
		BF52B79F204845B700F7A379 /* GandalfScepter.swift in Sources */ = {isa = PBXBuildFile; fileRef = BF52B79E204845B700F7A379 /* GandalfScepter.swift */; };
		BF52B7A1204846E400F7A379 /* ZeusLightningStrike.swift in Sources */ = {isa = PBXBuildFile; fileRef = BF52B7A0204846E400F7A379 /* ZeusLightningStrike.swift */; };
		BF52B7C920501FCA00F7A379 /* Game.swift in Sources */ = {isa = PBXBuildFile; fileRef = BF52B7C820501FCA00F7A379 /* Game.swift */; };
		BF9837AA207688D4004E9181 /* SwordOfThe1000Truths.swift in Sources */ = {isa = PBXBuildFile; fileRef = BF9837A9207688D4004E9181 /* SwordOfThe1000Truths.swift */; };
/* End PBXBuildFile section */

/* Begin PBXCopyFilesBuildPhase section */
		BF52B77A2048314200F7A379 /* CopyFiles */ = {
			isa = PBXCopyFilesBuildPhase;
			buildActionMask = 2147483647;
			dstPath = /usr/share/man/man1/;
			dstSubfolderSpec = 0;
			files = (
			);
			runOnlyForDeploymentPostprocessing = 1;
		};
/* End PBXCopyFilesBuildPhase section */

/* Begin PBXFileReference section */
		42B2D6C220972A3200973470 /* CheckNames.swift */ = {isa = PBXFileReference; lastKnownFileType = sourcecode.swift; path = CheckNames.swift; sourceTree = "<group>"; };
		BF3FC8E620A47BAA00F2ADA3 /* CaneOfLazarus.swift */ = {isa = PBXFileReference; lastKnownFileType = sourcecode.swift; path = CaneOfLazarus.swift; sourceTree = "<group>"; };
		BF52B77C2048314200F7A379 /* RPG-OPC-V6 */ = {isa = PBXFileReference; explicitFileType = "compiled.mach-o.executable"; includeInIndex = 0; path = "RPG-OPC-V6"; sourceTree = BUILT_PRODUCTS_DIR; };
		BF52B77F2048314200F7A379 /* main.swift */ = {isa = PBXFileReference; lastKnownFileType = sourcecode.swift; path = main.swift; sourceTree = "<group>"; };
		BF52B7862048315100F7A379 /* Team.swift */ = {isa = PBXFileReference; lastKnownFileType = sourcecode.swift; path = Team.swift; sourceTree = "<group>"; };
		BF52B78A2048317100F7A379 /* Hero.swift */ = {isa = PBXFileReference; lastKnownFileType = sourcecode.swift; path = Hero.swift; sourceTree = "<group>"; };
		BF52B78C204831A600F7A379 /* Warrior.swift */ = {isa = PBXFileReference; lastKnownFileType = sourcecode.swift; path = Warrior.swift; sourceTree = "<group>"; };
		BF52B78E204831B800F7A379 /* Magician.swift */ = {isa = PBXFileReference; lastKnownFileType = sourcecode.swift; path = Magician.swift; sourceTree = "<group>"; };
		BF52B790204831C900F7A379 /* Dwarft.swift */ = {isa = PBXFileReference; lastKnownFileType = sourcecode.swift; path = Dwarft.swift; sourceTree = "<group>"; };
		BF52B792204831EB00F7A379 /* Colossus.swift */ = {isa = PBXFileReference; lastKnownFileType = sourcecode.swift; path = Colossus.swift; sourceTree = "<group>"; };
		BF52B794204831F600F7A379 /* Stuff.swift */ = {isa = PBXFileReference; lastKnownFileType = sourcecode.swift; path = Stuff.swift; sourceTree = "<group>"; };
		BF52B7992048419100F7A379 /* Excalibur.swift */ = {isa = PBXFileReference; lastKnownFileType = sourcecode.swift; path = Excalibur.swift; sourceTree = "<group>"; };
		BF52B79B204844B700F7A379 /* ThorHammer.swift */ = {isa = PBXFileReference; lastKnownFileType = sourcecode.swift; path = ThorHammer.swift; sourceTree = "<group>"; };
		BF52B79E204845B700F7A379 /* GandalfScepter.swift */ = {isa = PBXFileReference; lastKnownFileType = sourcecode.swift; path = GandalfScepter.swift; sourceTree = "<group>"; };
		BF52B7A0204846E400F7A379 /* ZeusLightningStrike.swift */ = {isa = PBXFileReference; lastKnownFileType = sourcecode.swift; path = ZeusLightningStrike.swift; sourceTree = "<group>"; };
		BF52B7C820501FCA00F7A379 /* Game.swift */ = {isa = PBXFileReference; lastKnownFileType = sourcecode.swift; path = Game.swift; sourceTree = "<group>"; };
		BF9837A9207688D4004E9181 /* SwordOfThe1000Truths.swift */ = {isa = PBXFileReference; lastKnownFileType = sourcecode.swift; path = SwordOfThe1000Truths.swift; sourceTree = "<group>"; };
/* End PBXFileReference section */

/* Begin PBXFrameworksBuildPhase section */
		BF52B7792048314200F7A379 /* Frameworks */ = {
			isa = PBXFrameworksBuildPhase;
			buildActionMask = 2147483647;
			files = (
			);
			runOnlyForDeploymentPostprocessing = 0;
		};
/* End PBXFrameworksBuildPhase section */

/* Begin PBXGroup section */
		BF52B7732048314200F7A379 = {
			isa = PBXGroup;
			children = (
				BF52B77E2048314200F7A379 /* RPG-OPC-V6 */,
				BF52B77D2048314200F7A379 /* Products */,
			);
			sourceTree = "<group>";
		};
		BF52B77D2048314200F7A379 /* Products */ = {
			isa = PBXGroup;
			children = (
				BF52B77C2048314200F7A379 /* RPG-OPC-V6 */,
			);
			name = Products;
			sourceTree = "<group>";
		};
		BF52B77E2048314200F7A379 /* RPG-OPC-V6 */ = {
			isa = PBXGroup;
			children = (
				BF52B77F2048314200F7A379 /* main.swift */,
				BF52B7972048322600F7A379 /* Game */,
				BF52B7982048322A00F7A379 /* Team */,
				BF52B796204831FE00F7A379 /* Hero */,
				BF52B79D204844CF00F7A379 /* Stuff */,
			);
			path = "RPG-OPC-V6";
			sourceTree = "<group>";
		};
		BF52B796204831FE00F7A379 /* Hero */ = {
			isa = PBXGroup;
			children = (
				BF52B78A2048317100F7A379 /* Hero.swift */,
				BF52B78C204831A600F7A379 /* Warrior.swift */,
				BF52B792204831EB00F7A379 /* Colossus.swift */,
				BF52B790204831C900F7A379 /* Dwarft.swift */,
				BF52B78E204831B800F7A379 /* Magician.swift */,
			);
			path = Hero;
			sourceTree = "<group>";
		};
		BF52B7972048322600F7A379 /* Game */ = {
			isa = PBXGroup;
			children = (
				BF52B7C820501FCA00F7A379 /* Game.swift */,
			);
			path = Game;
			sourceTree = "<group>";
		};
		BF52B7982048322A00F7A379 /* Team */ = {
			isa = PBXGroup;
			children = (
				BF52B7862048315100F7A379 /* Team.swift */,
				42B2D6C220972A3200973470 /* CheckNames.swift */,
			);
			path = Team;
			sourceTree = "<group>";
		};
		BF52B79D204844CF00F7A379 /* Stuff */ = {
			isa = PBXGroup;
			children = (
				BF52B794204831F600F7A379 /* Stuff.swift */,
				BF52B7992048419100F7A379 /* Excalibur.swift */,
				BF52B79B204844B700F7A379 /* ThorHammer.swift */,
				BF52B79E204845B700F7A379 /* GandalfScepter.swift */,
				BF52B7A0204846E400F7A379 /* ZeusLightningStrike.swift */,
				BF9837A9207688D4004E9181 /* SwordOfThe1000Truths.swift */,
				BF3FC8E620A47BAA00F2ADA3 /* CaneOfLazarus.swift */,
			);
			path = Stuff;
			sourceTree = "<group>";
		};
/* End PBXGroup section */

/* Begin PBXNativeTarget section */
		BF52B77B2048314200F7A379 /* RPG-OPC-V6 */ = {
			isa = PBXNativeTarget;
			buildConfigurationList = BF52B7832048314200F7A379 /* Build configuration list for PBXNativeTarget "RPG-OPC-V6" */;
			buildPhases = (
				BF52B7782048314200F7A379 /* Sources */,
				BF52B7792048314200F7A379 /* Frameworks */,
				BF52B77A2048314200F7A379 /* CopyFiles */,
			);
			buildRules = (
			);
			dependencies = (
			);
			name = "RPG-OPC-V6";
			productName = "RPG-OPC-V6";
			productReference = BF52B77C2048314200F7A379 /* RPG-OPC-V6 */;
			productType = "com.apple.product-type.tool";
		};
/* End PBXNativeTarget section */

/* Begin PBXProject section */
		BF52B7742048314200F7A379 /* Project object */ = {
			isa = PBXProject;
			attributes = {
				LastSwiftUpdateCheck = 0920;
				LastUpgradeCheck = 0920;
				ORGANIZATIONNAME = VBoulanger;
				TargetAttributes = {
					BF52B77B2048314200F7A379 = {
						CreatedOnToolsVersion = 9.2;
						ProvisioningStyle = Automatic;
					};
				};
			};
			buildConfigurationList = BF52B7772048314200F7A379 /* Build configuration list for PBXProject "RPG-OPC-V6" */;
			compatibilityVersion = "Xcode 8.0";
			developmentRegion = en;
			hasScannedForEncodings = 0;
			knownRegions = (
				en,
			);
			mainGroup = BF52B7732048314200F7A379;
			productRefGroup = BF52B77D2048314200F7A379 /* Products */;
			projectDirPath = "";
			projectRoot = "";
			targets = (
				BF52B77B2048314200F7A379 /* RPG-OPC-V6 */,
			);
		};
/* End PBXProject section */

/* Begin PBXSourcesBuildPhase section */
		BF52B7782048314200F7A379 /* Sources */ = {
			isa = PBXSourcesBuildPhase;
			buildActionMask = 2147483647;
			files = (
				BF52B7872048315100F7A379 /* Team.swift in Sources */,
				BF52B79C204844B700F7A379 /* ThorHammer.swift in Sources */,
				BF52B78D204831A600F7A379 /* Warrior.swift in Sources */,
				BF52B7C920501FCA00F7A379 /* Game.swift in Sources */,
				BF52B791204831C900F7A379 /* Dwarft.swift in Sources */,
				42B2D6C320972A3200973470 /* CheckNames.swift in Sources */,
				BF52B795204831F600F7A379 /* Stuff.swift in Sources */,
				BF52B78F204831B800F7A379 /* Magician.swift in Sources */,
				BF52B79F204845B700F7A379 /* GandalfScepter.swift in Sources */,
				BF52B79A2048419100F7A379 /* Excalibur.swift in Sources */,
				BF52B7A1204846E400F7A379 /* ZeusLightningStrike.swift in Sources */,
				BF52B793204831EB00F7A379 /* Colossus.swift in Sources */,
				BF3FC8E720A47BAA00F2ADA3 /* CaneOfLazarus.swift in Sources */,
				BF52B7802048314200F7A379 /* main.swift in Sources */,
				BF52B78B2048317100F7A379 /* Hero.swift in Sources */,
				BF9837AA207688D4004E9181 /* SwordOfThe1000Truths.swift in Sources */,
			);
			runOnlyForDeploymentPostprocessing = 0;
		};
/* End PBXSourcesBuildPhase section */

/* Begin XCBuildConfiguration section */
		BF52B7812048314200F7A379 /* Debug */ = {
			isa = XCBuildConfiguration;
			buildSettings = {
				ALWAYS_SEARCH_USER_PATHS = NO;
				CLANG_ANALYZER_NONNULL = YES;
				CLANG_ANALYZER_NUMBER_OBJECT_CONVERSION = YES_AGGRESSIVE;
				CLANG_CXX_LANGUAGE_STANDARD = "gnu++14";
				CLANG_CXX_LIBRARY = "libc++";
				CLANG_ENABLE_MODULES = YES;
				CLANG_ENABLE_OBJC_ARC = YES;
				CLANG_WARN_BLOCK_CAPTURE_AUTORELEASING = YES;
				CLANG_WARN_BOOL_CONVERSION = YES;
				CLANG_WARN_COMMA = YES;
				CLANG_WARN_CONSTANT_CONVERSION = YES;
				CLANG_WARN_DIRECT_OBJC_ISA_USAGE = YES_ERROR;
				CLANG_WARN_DOCUMENTATION_COMMENTS = YES;
				CLANG_WARN_EMPTY_BODY = YES;
				CLANG_WARN_ENUM_CONVERSION = YES;
				CLANG_WARN_INFINITE_RECURSION = YES;
				CLANG_WARN_INT_CONVERSION = YES;
				CLANG_WARN_NON_LITERAL_NULL_CONVERSION = YES;
				CLANG_WARN_OBJC_LITERAL_CONVERSION = YES;
				CLANG_WARN_OBJC_ROOT_CLASS = YES_ERROR;
				CLANG_WARN_RANGE_LOOP_ANALYSIS = YES;
				CLANG_WARN_STRICT_PROTOTYPES = YES;
				CLANG_WARN_SUSPICIOUS_MOVE = YES;
				CLANG_WARN_UNGUARDED_AVAILABILITY = YES_AGGRESSIVE;
				CLANG_WARN_UNREACHABLE_CODE = YES;
				CLANG_WARN__DUPLICATE_METHOD_MATCH = YES;
				CODE_SIGN_IDENTITY = "Mac Developer";
				COPY_PHASE_STRIP = NO;
				DEBUG_INFORMATION_FORMAT = dwarf;
				ENABLE_STRICT_OBJC_MSGSEND = YES;
				ENABLE_TESTABILITY = YES;
				GCC_C_LANGUAGE_STANDARD = gnu11;
				GCC_DYNAMIC_NO_PIC = NO;
				GCC_NO_COMMON_BLOCKS = YES;
				GCC_OPTIMIZATION_LEVEL = 0;
				GCC_PREPROCESSOR_DEFINITIONS = (
					"DEBUG=1",
					"$(inherited)",
				);
				GCC_WARN_64_TO_32_BIT_CONVERSION = YES;
				GCC_WARN_ABOUT_RETURN_TYPE = YES_ERROR;
				GCC_WARN_UNDECLARED_SELECTOR = YES;
				GCC_WARN_UNINITIALIZED_AUTOS = YES_AGGRESSIVE;
				GCC_WARN_UNUSED_FUNCTION = YES;
				GCC_WARN_UNUSED_VARIABLE = YES;
				MACOSX_DEPLOYMENT_TARGET = 10.12;
				MTL_ENABLE_DEBUG_INFO = YES;
				ONLY_ACTIVE_ARCH = YES;
				SDKROOT = macosx;
				SWIFT_ACTIVE_COMPILATION_CONDITIONS = DEBUG;
				SWIFT_OPTIMIZATION_LEVEL = "-Onone";
			};
			name = Debug;
		};
		BF52B7822048314200F7A379 /* Release */ = {
			isa = XCBuildConfiguration;
			buildSettings = {
				ALWAYS_SEARCH_USER_PATHS = NO;
				CLANG_ANALYZER_NONNULL = YES;
				CLANG_ANALYZER_NUMBER_OBJECT_CONVERSION = YES_AGGRESSIVE;
				CLANG_CXX_LANGUAGE_STANDARD = "gnu++14";
				CLANG_CXX_LIBRARY = "libc++";
				CLANG_ENABLE_MODULES = YES;
				CLANG_ENABLE_OBJC_ARC = YES;
				CLANG_WARN_BLOCK_CAPTURE_AUTORELEASING = YES;
				CLANG_WARN_BOOL_CONVERSION = YES;
				CLANG_WARN_COMMA = YES;
				CLANG_WARN_CONSTANT_CONVERSION = YES;
				CLANG_WARN_DIRECT_OBJC_ISA_USAGE = YES_ERROR;
				CLANG_WARN_DOCUMENTATION_COMMENTS = YES;
				CLANG_WARN_EMPTY_BODY = YES;
				CLANG_WARN_ENUM_CONVERSION = YES;
				CLANG_WARN_INFINITE_RECURSION = YES;
				CLANG_WARN_INT_CONVERSION = YES;
				CLANG_WARN_NON_LITERAL_NULL_CONVERSION = YES;
				CLANG_WARN_OBJC_LITERAL_CONVERSION = YES;
				CLANG_WARN_OBJC_ROOT_CLASS = YES_ERROR;
				CLANG_WARN_RANGE_LOOP_ANALYSIS = YES;
				CLANG_WARN_STRICT_PROTOTYPES = YES;
				CLANG_WARN_SUSPICIOUS_MOVE = YES;
				CLANG_WARN_UNGUARDED_AVAILABILITY = YES_AGGRESSIVE;
				CLANG_WARN_UNREACHABLE_CODE = YES;
				CLANG_WARN__DUPLICATE_METHOD_MATCH = YES;
				CODE_SIGN_IDENTITY = "Mac Developer";
				COPY_PHASE_STRIP = NO;
				DEBUG_INFORMATION_FORMAT = "dwarf-with-dsym";
				ENABLE_NS_ASSERTIONS = NO;
				ENABLE_STRICT_OBJC_MSGSEND = YES;
				GCC_C_LANGUAGE_STANDARD = gnu11;
				GCC_NO_COMMON_BLOCKS = YES;
				GCC_WARN_64_TO_32_BIT_CONVERSION = YES;
				GCC_WARN_ABOUT_RETURN_TYPE = YES_ERROR;
				GCC_WARN_UNDECLARED_SELECTOR = YES;
				GCC_WARN_UNINITIALIZED_AUTOS = YES_AGGRESSIVE;
				GCC_WARN_UNUSED_FUNCTION = YES;
				GCC_WARN_UNUSED_VARIABLE = YES;
				MACOSX_DEPLOYMENT_TARGET = 10.12;
				MTL_ENABLE_DEBUG_INFO = NO;
				SDKROOT = macosx;
				SWIFT_OPTIMIZATION_LEVEL = "-Owholemodule";
			};
			name = Release;
		};
		BF52B7842048314200F7A379 /* Debug */ = {
			isa = XCBuildConfiguration;
			buildSettings = {
				CODE_SIGN_STYLE = Automatic;
				DEVELOPMENT_TEAM = 6KQ6387NFD;
				PRODUCT_NAME = "$(TARGET_NAME)";
				SWIFT_VERSION = 4.0;
			};
			name = Debug;
		};
		BF52B7852048314200F7A379 /* Release */ = {
			isa = XCBuildConfiguration;
			buildSettings = {
				CODE_SIGN_STYLE = Automatic;
				DEVELOPMENT_TEAM = 6KQ6387NFD;
				PRODUCT_NAME = "$(TARGET_NAME)";
				SWIFT_VERSION = 4.0;
			};
			name = Release;
		};
/* End XCBuildConfiguration section */

/* Begin XCConfigurationList section */
		BF52B7772048314200F7A379 /* Build configuration list for PBXProject "RPG-OPC-V6" */ = {
			isa = XCConfigurationList;
			buildConfigurations = (
				BF52B7812048314200F7A379 /* Debug */,
				BF52B7822048314200F7A379 /* Release */,
			);
			defaultConfigurationIsVisible = 0;
			defaultConfigurationName = Release;
		};
		BF52B7832048314200F7A379 /* Build configuration list for PBXNativeTarget "RPG-OPC-V6" */ = {
			isa = XCConfigurationList;
			buildConfigurations = (
				BF52B7842048314200F7A379 /* Debug */,
				BF52B7852048314200F7A379 /* Release */,
			);
			defaultConfigurationIsVisible = 0;
			defaultConfigurationName = Release;
		};
/* End XCConfigurationList section */
	};
	rootObject = BF52B7742048314200F7A379 /* Project object */;
}
